{
    "hash": "21ade13f0f2c2ccd84bd53738a4e1aa9",
    "packages": [
        {
            "package": "doctrine/common",
            "version": "2.1.x-dev",
            "source-reference": "41794945e795e108060eddb3342c9e13524b9b3e",
            "commit-date": "1331851788"
        },
        {
            "package": "symfony/event-dispatcher",
            "version": "dev-master",
            "alias-pretty-version": "2.1.x-dev",
            "alias-version": "2.1.9999999.9999999-dev"
        },
        {
            "package": "symfony/event-dispatcher",
            "version": "dev-master",
            "source-reference": "v2.1.0-BETA1",
            "commit-date": "1338018513"
        },
        {
            "package": "symfony/finder",
            "version": "dev-master",
            "alias-pretty-version": "2.1.x-dev",
            "alias-version": "2.1.9999999.9999999-dev"
        },
        {
            "package": "symfony/finder",
            "version": "dev-master",
            "source-reference": "4d6a965beae234bd0fa7f61681bd8a54df60f042",
            "commit-date": "1341212719"
        },
        {
            "package": "symfony/yaml",
            "version": "dev-master",
            "alias-pretty-version": "2.1.x-dev",
            "alias-version": "2.1.9999999.9999999-dev"
        },
        {
            "package": "symfony/yaml",
            "version": "dev-master",
            "source-reference": "fa301d6bd6d2538b48fbf668879d6e052ed9caad",
            "commit-date": "1341134393"
        }
    ],
    "packages-dev": null,
    "aliases": [

    ],
    "minimum-stability": "dev",
    "stability-flags": [

    ]
}
